
Microsoft Visual Studio Solution File, Format Version 12.00
# Visual Studio Version 16
VisualStudioVersion = 16.0.31205.134
MinimumVisualStudioVersion = 10.0.40219.1
Project("{FAE04EC0-301F-11D3-BF4B-00C04F79EFBC}") = "SecondStage", "SecondStage\SecondStage.csproj", "{8374DA4B-0BF0-4093-9B2C-09A82AECE484}"
EndProject
Global
	GlobalSection(SolutionConfigurationPlatforms) = preSolution
		Debug|Any CPU = Debug|Any CPU
		Release|Any CPU = Release|Any CPU
	EndGlobalSection
	GlobalSection(ProjectConfigurationPlatforms) = postSolution
		{8374DA4B-0BF0-4093-9B2C-09A82AECE484}.Debug|Any CPU.ActiveCfg = Debug|Any CPU
		{8374DA4B-0BF0-4093-9B2C-09A82AECE484}.Debug|Any CPU.Build.0 = Debug|Any CPU
		{8374DA4B-0BF0-4093-9B2C-09A82AECE484}.Release|Any CPU.ActiveCfg = Release|Any CPU
		{8374DA4B-0BF0-4093-9B2C-09A82AECE484}.Release|Any CPU.Build.0 = Release|Any CPU
	EndGlobalSection
	GlobalSection(SolutionProperties) = preSolution
		HideSolutionNode = FALSE
	EndGlobalSection
	GlobalSection(ExtensibilityGlobals) = postSolution
		SolutionGuid = {6FE1B4B1-EAFD-4E98-90B6-31F164073E6C}
	EndGlobalSection
EndGlobal
